// !$*UTF8*$!
{
	archiveVersion = 1;
	classes = {
	};
	objectVersion = 56;
	objects = {

/* Begin PBXBuildFile section */
		638120BE2AA3B6CB00FE7352 /* wakeup.mp3 in Resources */ = {isa = PBXBuildFile; fileRef = 638120BD2AA3B6CB00FE7352 /* wakeup.mp3 */; };
		63915B2E2AA13BD600C7C3F3 /* AppDelegate.swift in Sources */ = {isa = PBXBuildFile; fileRef = 63915B2D2AA13BD600C7C3F3 /* AppDelegate.swift */; };
		63915B302AA13BD600C7C3F3 /* SceneDelegate.swift in Sources */ = {isa = PBXBuildFile; fileRef = 63915B2F2AA13BD600C7C3F3 /* SceneDelegate.swift */; };
		63915B322AA13BD600C7C3F3 /* TimerViewController.swift in Sources */ = {isa = PBXBuildFile; fileRef = 63915B312AA13BD600C7C3F3 /* TimerViewController.swift */; };
		63915B372AA13BD800C7C3F3 /* Assets.xcassets in Resources */ = {isa = PBXBuildFile; fileRef = 63915B362AA13BD800C7C3F3 /* Assets.xcassets */; };
		63915B3A2AA13BD800C7C3F3 /* LaunchScreen.storyboard in Resources */ = {isa = PBXBuildFile; fileRef = 63915B382AA13BD800C7C3F3 /* LaunchScreen.storyboard */; };
		63915B422AA13C3F00C7C3F3 /* Extension.swift in Sources */ = {isa = PBXBuildFile; fileRef = 63915B412AA13C3F00C7C3F3 /* Extension.swift */; };
		63915B452AA13D2F00C7C3F3 /* TimerManager.swift in Sources */ = {isa = PBXBuildFile; fileRef = 63915B442AA13D2F00C7C3F3 /* TimerManager.swift */; };
		63915B4B2AA216F200C7C3F3 /* TimerModel.swift in Sources */ = {isa = PBXBuildFile; fileRef = 63915B4A2AA216F200C7C3F3 /* TimerModel.swift */; };
		63915B4E2AA2178800C7C3F3 /* TimerViewModel.swift in Sources */ = {isa = PBXBuildFile; fileRef = 63915B4D2AA2178800C7C3F3 /* TimerViewModel.swift */; };
/* End PBXBuildFile section */

/* Begin PBXFileReference section */
		638120BD2AA3B6CB00FE7352 /* wakeup.mp3 */ = {isa = PBXFileReference; lastKnownFileType = audio.mp3; path = wakeup.mp3; sourceTree = SOURCE_ROOT; };
		63915B2A2AA13BD600C7C3F3 /* task3_app.app */ = {isa = PBXFileReference; explicitFileType = wrapper.application; includeInIndex = 0; path = task3_app.app; sourceTree = BUILT_PRODUCTS_DIR; };
		63915B2D2AA13BD600C7C3F3 /* AppDelegate.swift */ = {isa = PBXFileReference; lastKnownFileType = sourcecode.swift; path = AppDelegate.swift; sourceTree = "<group>"; };
		63915B2F2AA13BD600C7C3F3 /* SceneDelegate.swift */ = {isa = PBXFileReference; lastKnownFileType = sourcecode.swift; path = SceneDelegate.swift; sourceTree = "<group>"; };
		63915B312AA13BD600C7C3F3 /* TimerViewController.swift */ = {isa = PBXFileReference; lastKnownFileType = sourcecode.swift; path = TimerViewController.swift; sourceTree = "<group>"; };
		63915B362AA13BD800C7C3F3 /* Assets.xcassets */ = {isa = PBXFileReference; lastKnownFileType = folder.assetcatalog; path = Assets.xcassets; sourceTree = "<group>"; };
		63915B392AA13BD800C7C3F3 /* Base */ = {isa = PBXFileReference; lastKnownFileType = file.storyboard; name = Base; path = Base.lproj/LaunchScreen.storyboard; sourceTree = "<group>"; };
		63915B3B2AA13BD800C7C3F3 /* Info.plist */ = {isa = PBXFileReference; lastKnownFileType = text.plist.xml; path = Info.plist; sourceTree = "<group>"; };
		63915B412AA13C3F00C7C3F3 /* Extension.swift */ = {isa = PBXFileReference; lastKnownFileType = sourcecode.swift; path = Extension.swift; sourceTree = "<group>"; };
		63915B442AA13D2F00C7C3F3 /* TimerManager.swift */ = {isa = PBXFileReference; lastKnownFileType = sourcecode.swift; path = TimerManager.swift; sourceTree = "<group>"; };
		63915B4A2AA216F200C7C3F3 /* TimerModel.swift */ = {isa = PBXFileReference; lastKnownFileType = sourcecode.swift; path = TimerModel.swift; sourceTree = "<group>"; };
		63915B4D2AA2178800C7C3F3 /* TimerViewModel.swift */ = {isa = PBXFileReference; lastKnownFileType = sourcecode.swift; path = TimerViewModel.swift; sourceTree = "<group>"; };
/* End PBXFileReference section */

/* Begin PBXFrameworksBuildPhase section */
		63915B272AA13BD600C7C3F3 /* Frameworks */ = {
			isa = PBXFrameworksBuildPhase;
			buildActionMask = 2147483647;
			files = (
			);
			runOnlyForDeploymentPostprocessing = 0;
		};
/* End PBXFrameworksBuildPhase section */

/* Begin PBXGroup section */
		63915B212AA13BD600C7C3F3 = {
			isa = PBXGroup;
			children = (
				63915B2C2AA13BD600C7C3F3 /* task3_app */,
				63915B2B2AA13BD600C7C3F3 /* Products */,
			);
			sourceTree = "<group>";
		};
		63915B2B2AA13BD600C7C3F3 /* Products */ = {
			isa = PBXGroup;
			children = (
				63915B2A2AA13BD600C7C3F3 /* task3_app.app */,
			);
			name = Products;
			sourceTree = "<group>";
		};
		63915B2C2AA13BD600C7C3F3 /* task3_app */ = {
			isa = PBXGroup;
			children = (
				63915B2D2AA13BD600C7C3F3 /* AppDelegate.swift */,
				63915B2F2AA13BD600C7C3F3 /* SceneDelegate.swift */,
				63915B462AA13DAB00C7C3F3 /* Model */,
				63915B4C2AA2176300C7C3F3 /* TimerViewModel */,
				63915B432AA13D1A00C7C3F3 /* Controller */,
				63915B362AA13BD800C7C3F3 /* Assets.xcassets */,
				63915B382AA13BD800C7C3F3 /* LaunchScreen.storyboard */,
				63915B3B2AA13BD800C7C3F3 /* Info.plist */,
				63915B412AA13C3F00C7C3F3 /* Extension.swift */,
				638120BD2AA3B6CB00FE7352 /* wakeup.mp3 */,
			);
			path = task3_app;
			sourceTree = "<group>";
		};
		63915B432AA13D1A00C7C3F3 /* Controller */ = {
			isa = PBXGroup;
			children = (
				63915B312AA13BD600C7C3F3 /* TimerViewController.swift */,
			);
			path = Controller;
			sourceTree = "<group>";
		};
		63915B462AA13DAB00C7C3F3 /* Model */ = {
			isa = PBXGroup;
			children = (
				63915B4A2AA216F200C7C3F3 /* TimerModel.swift */,
				63915B442AA13D2F00C7C3F3 /* TimerManager.swift */,
			);
			path = Model;
			sourceTree = "<group>";
		};
		63915B4C2AA2176300C7C3F3 /* TimerViewModel */ = {
			isa = PBXGroup;
			children = (
				63915B4D2AA2178800C7C3F3 /* TimerViewModel.swift */,
			);
			path = TimerViewModel;
			sourceTree = "<group>";
		};
/* End PBXGroup section */

/* Begin PBXNativeTarget section */
		63915B292AA13BD600C7C3F3 /* task3_app */ = {
			isa = PBXNativeTarget;
			buildConfigurationList = 63915B3E2AA13BD800C7C3F3 /* Build configuration list for PBXNativeTarget "task3_app" */;
			buildPhases = (
				63915B262AA13BD600C7C3F3 /* Sources */,
				63915B272AA13BD600C7C3F3 /* Frameworks */,
				63915B282AA13BD600C7C3F3 /* Resources */,
			);
			buildRules = (
			);
			dependencies = (
			);
			name = task3_app;
			productName = task3_app;
			productReference = 63915B2A2AA13BD600C7C3F3 /* task3_app.app */;
			productType = "com.apple.product-type.application";
		};
/* End PBXNativeTarget section */

/* Begin PBXProject section */
		63915B222AA13BD600C7C3F3 /* Project object */ = {
			isa = PBXProject;
			attributes = {
				BuildIndependentTargetsInParallel = 1;
				LastSwiftUpdateCheck = 1430;
				LastUpgradeCheck = 1430;
				TargetAttributes = {
					63915B292AA13BD600C7C3F3 = {
						CreatedOnToolsVersion = 14.3.1;
					};
				};
			};
			buildConfigurationList = 63915B252AA13BD600C7C3F3 /* Build configuration list for PBXProject "task3_app" */;
			compatibilityVersion = "Xcode 14.0";
			developmentRegion = en;
			hasScannedForEncodings = 0;
			knownRegions = (
				en,
				Base,
			);
			mainGroup = 63915B212AA13BD600C7C3F3;
			productRefGroup = 63915B2B2AA13BD600C7C3F3 /* Products */;
			projectDirPath = "";
			projectRoot = "";
			targets = (
				63915B292AA13BD600C7C3F3 /* task3_app */,
			);
		};
/* End PBXProject section */

/* Begin PBXResourcesBuildPhase section */
		63915B282AA13BD600C7C3F3 /* Resources */ = {
			isa = PBXResourcesBuildPhase;
			buildActionMask = 2147483647;
			files = (
				638120BE2AA3B6CB00FE7352 /* wakeup.mp3 in Resources */,
				63915B3A2AA13BD800C7C3F3 /* LaunchScreen.storyboard in Resources */,
				63915B372AA13BD800C7C3F3 /* Assets.xcassets in Resources */,
			);
			runOnlyForDeploymentPostprocessing = 0;
		};
/* End PBXResourcesBuildPhase section */

/* Begin PBXSourcesBuildPhase section */
		63915B262AA13BD600C7C3F3 /* Sources */ = {
			isa = PBXSourcesBuildPhase;
			buildActionMask = 2147483647;
			files = (
				63915B4E2AA2178800C7C3F3 /* TimerViewModel.swift in Sources */,
				63915B322AA13BD600C7C3F3 /* TimerViewController.swift in Sources */,
				63915B452AA13D2F00C7C3F3 /* TimerManager.swift in Sources */,
				63915B2E2AA13BD600C7C3F3 /* AppDelegate.swift in Sources */,
				63915B4B2AA216F200C7C3F3 /* TimerModel.swift in Sources */,
				63915B302AA13BD600C7C3F3 /* SceneDelegate.swift in Sources */,
				63915B422AA13C3F00C7C3F3 /* Extension.swift in Sources */,
			);
			runOnlyForDeploymentPostprocessing = 0;
		};
/* End PBXSourcesBuildPhase section */

/* Begin PBXVariantGroup section */
		63915B382AA13BD800C7C3F3 /* LaunchScreen.storyboard */ = {
			isa = PBXVariantGroup;
			children = (
				63915B392AA13BD800C7C3F3 /* Base */,
			);
			name = LaunchScreen.storyboard;
			sourceTree = "<group>";
		};
/* End PBXVariantGroup section */

/* Begin XCBuildConfiguration section */
		63915B3C2AA13BD800C7C3F3 /* Debug */ = {
			isa = XCBuildConfiguration;
			buildSettings = {
				ALWAYS_SEARCH_USER_PATHS = NO;
				CLANG_ANALYZER_NONNULL = YES;
				CLANG_ANALYZER_NUMBER_OBJECT_CONVERSION = YES_AGGRESSIVE;
				CLANG_CXX_LANGUAGE_STANDARD = "gnu++20";
				CLANG_ENABLE_MODULES = YES;
				CLANG_ENABLE_OBJC_ARC = YES;
				CLANG_ENABLE_OBJC_WEAK = YES;
				CLANG_WARN_BLOCK_CAPTURE_AUTORELEASING = YES;
				CLANG_WARN_BOOL_CONVERSION = YES;
				CLANG_WARN_COMMA = YES;
				CLANG_WARN_CONSTANT_CONVERSION = YES;
				CLANG_WARN_DEPRECATED_OBJC_IMPLEMENTATIONS = YES;
				CLANG_WARN_DIRECT_OBJC_ISA_USAGE = YES_ERROR;
				CLANG_WARN_DOCUMENTATION_COMMENTS = YES;
				CLANG_WARN_EMPTY_BODY = YES;
				CLANG_WARN_ENUM_CONVERSION = YES;
				CLANG_WARN_INFINITE_RECURSION = YES;
				CLANG_WARN_INT_CONVERSION = YES;
				CLANG_WARN_NON_LITERAL_NULL_CONVERSION = YES;
				CLANG_WARN_OBJC_IMPLICIT_RETAIN_SELF = YES;
				CLANG_WARN_OBJC_LITERAL_CONVERSION = YES;
				CLANG_WARN_OBJC_ROOT_CLASS = YES_ERROR;
				CLANG_WARN_QUOTED_INCLUDE_IN_FRAMEWORK_HEADER = YES;
				CLANG_WARN_RANGE_LOOP_ANALYSIS = YES;
				CLANG_WARN_STRICT_PROTOTYPES = YES;
				CLANG_WARN_SUSPICIOUS_MOVE = YES;
				CLANG_WARN_UNGUARDED_AVAILABILITY = YES_AGGRESSIVE;
				CLANG_WARN_UNREACHABLE_CODE = YES;
				CLANG_WARN__DUPLICATE_METHOD_MATCH = YES;
				COPY_PHASE_STRIP = NO;
				DEBUG_INFORMATION_FORMAT = dwarf;
				ENABLE_STRICT_OBJC_MSGSEND = YES;
				ENABLE_TESTABILITY = YES;
				GCC_C_LANGUAGE_STANDARD = gnu11;
				GCC_DYNAMIC_NO_PIC = NO;
				GCC_NO_COMMON_BLOCKS = YES;
				GCC_OPTIMIZATION_LEVEL = 0;
				GCC_PREPROCESSOR_DEFINITIONS = (
					"DEBUG=1",
					"$(inherited)",
				);
				GCC_WARN_64_TO_32_BIT_CONVERSION = YES;
				GCC_WARN_ABOUT_RETURN_TYPE = YES_ERROR;
				GCC_WARN_UNDECLARED_SELECTOR = YES;
				GCC_WARN_UNINITIALIZED_AUTOS = YES_AGGRESSIVE;
				GCC_WARN_UNUSED_FUNCTION = YES;
				GCC_WARN_UNUSED_VARIABLE = YES;
				IPHONEOS_DEPLOYMENT_TARGET = 16.4;
				MTL_ENABLE_DEBUG_INFO = INCLUDE_SOURCE;
				MTL_FAST_MATH = YES;
				ONLY_ACTIVE_ARCH = YES;
				SDKROOT = iphoneos;
				SWIFT_ACTIVE_COMPILATION_CONDITIONS = DEBUG;
				SWIFT_OPTIMIZATION_LEVEL = "-Onone";
			};
			name = Debug;
		};
		63915B3D2AA13BD800C7C3F3 /* Release */ = {
			isa = XCBuildConfiguration;
			buildSettings = {
				ALWAYS_SEARCH_USER_PATHS = NO;
				CLANG_ANALYZER_NONNULL = YES;
				CLANG_ANALYZER_NUMBER_OBJECT_CONVERSION = YES_AGGRESSIVE;
				CLANG_CXX_LANGUAGE_STANDARD = "gnu++20";
				CLANG_ENABLE_MODULES = YES;
				CLANG_ENABLE_OBJC_ARC = YES;
				CLANG_ENABLE_OBJC_WEAK = YES;
				CLANG_WARN_BLOCK_CAPTURE_AUTORELEASING = YES;
				CLANG_WARN_BOOL_CONVERSION = YES;
				CLANG_WARN_COMMA = YES;
				CLANG_WARN_CONSTANT_CONVERSION = YES;
				CLANG_WARN_DEPRECATED_OBJC_IMPLEMENTATIONS = YES;
				CLANG_WARN_DIRECT_OBJC_ISA_USAGE = YES_ERROR;
				CLANG_WARN_DOCUMENTATION_COMMENTS = YES;
				CLANG_WARN_EMPTY_BODY = YES;
				CLANG_WARN_ENUM_CONVERSION = YES;
				CLANG_WARN_INFINITE_RECURSION = YES;
				CLANG_WARN_INT_CONVERSION = YES;
				CLANG_WARN_NON_LITERAL_NULL_CONVERSION = YES;
				CLANG_WARN_OBJC_IMPLICIT_RETAIN_SELF = YES;
				CLANG_WARN_OBJC_LITERAL_CONVERSION = YES;
				CLANG_WARN_OBJC_ROOT_CLASS = YES_ERROR;
				CLANG_WARN_QUOTED_INCLUDE_IN_FRAMEWORK_HEADER = YES;
				CLANG_WARN_RANGE_LOOP_ANALYSIS = YES;
				CLANG_WARN_STRICT_PROTOTYPES = YES;
				CLANG_WARN_SUSPICIOUS_MOVE = YES;
				CLANG_WARN_UNGUARDED_AVAILABILITY = YES_AGGRESSIVE;
				CLANG_WARN_UNREACHABLE_CODE = YES;
				CLANG_WARN__DUPLICATE_METHOD_MATCH = YES;
				COPY_PHASE_STRIP = NO;
				DEBUG_INFORMATION_FORMAT = "dwarf-with-dsym";
				ENABLE_NS_ASSERTIONS = NO;
				ENABLE_STRICT_OBJC_MSGSEND = YES;
				GCC_C_LANGUAGE_STANDARD = gnu11;
				GCC_NO_COMMON_BLOCKS = YES;
				GCC_WARN_64_TO_32_BIT_CONVERSION = YES;
				GCC_WARN_ABOUT_RETURN_TYPE = YES_ERROR;
				GCC_WARN_UNDECLARED_SELECTOR = YES;
				GCC_WARN_UNINITIALIZED_AUTOS = YES_AGGRESSIVE;
				GCC_WARN_UNUSED_FUNCTION = YES;
				GCC_WARN_UNUSED_VARIABLE = YES;
				IPHONEOS_DEPLOYMENT_TARGET = 16.4;
				MTL_ENABLE_DEBUG_INFO = NO;
				MTL_FAST_MATH = YES;
				SDKROOT = iphoneos;
				SWIFT_COMPILATION_MODE = wholemodule;
				SWIFT_OPTIMIZATION_LEVEL = "-O";
				VALIDATE_PRODUCT = YES;
			};
			name = Release;
		};
		63915B3F2AA13BD800C7C3F3 /* Debug */ = {
			isa = XCBuildConfiguration;
			buildSettings = {
				ASSETCATALOG_COMPILER_APPICON_NAME = AppIcon;
				ASSETCATALOG_COMPILER_GLOBAL_ACCENT_COLOR_NAME = AccentColor;
				CODE_SIGN_STYLE = Automatic;
				CURRENT_PROJECT_VERSION = 1;
				DEVELOPMENT_TEAM = B34M97ZY6W;
				GENERATE_INFOPLIST_FILE = YES;
				INFOPLIST_FILE = task3_app/Info.plist;
				INFOPLIST_KEY_UIApplicationSupportsIndirectInputEvents = YES;
				INFOPLIST_KEY_UILaunchStoryboardName = LaunchScreen;
				INFOPLIST_KEY_UISupportedInterfaceOrientations_iPad = "UIInterfaceOrientationPortrait UIInterfaceOrientationPortraitUpsideDown UIInterfaceOrientationLandscapeLeft UIInterfaceOrientationLandscapeRight";
				INFOPLIST_KEY_UISupportedInterfaceOrientations_iPhone = "UIInterfaceOrientationPortrait UIInterfaceOrientationLandscapeLeft UIInterfaceOrientationLandscapeRight";
				LD_RUNPATH_SEARCH_PATHS = (
					"$(inherited)",
					"@executable_path/Frameworks",
				);
				MARKETING_VERSION = 1.0;
				PRODUCT_BUNDLE_IDENTIFIER = "foranewlife.task3-app";
				PRODUCT_NAME = "$(TARGET_NAME)";
				SWIFT_EMIT_LOC_STRINGS = YES;
				SWIFT_VERSION = 5.0;
				TARGETED_DEVICE_FAMILY = "1,2";
			};
			name = Debug;
		};
		63915B402AA13BD800C7C3F3 /* Release */ = {
			isa = XCBuildConfiguration;
			buildSettings = {
				ASSETCATALOG_COMPILER_APPICON_NAME = AppIcon;
				ASSETCATALOG_COMPILER_GLOBAL_ACCENT_COLOR_NAME = AccentColor;
				CODE_SIGN_STYLE = Automatic;
				CURRENT_PROJECT_VERSION = 1;
				DEVELOPMENT_TEAM = B34M97ZY6W;
				GENERATE_INFOPLIST_FILE = YES;
				INFOPLIST_FILE = task3_app/Info.plist;
				INFOPLIST_KEY_UIApplicationSupportsIndirectInputEvents = YES;
				INFOPLIST_KEY_UILaunchStoryboardName = LaunchScreen;
				INFOPLIST_KEY_UISupportedInterfaceOrientations_iPad = "UIInterfaceOrientationPortrait UIInterfaceOrientationPortraitUpsideDown UIInterfaceOrientationLandscapeLeft UIInterfaceOrientationLandscapeRight";
				INFOPLIST_KEY_UISupportedInterfaceOrientations_iPhone = "UIInterfaceOrientationPortrait UIInterfaceOrientationLandscapeLeft UIInterfaceOrientationLandscapeRight";
				LD_RUNPATH_SEARCH_PATHS = (
					"$(inherited)",
					"@executable_path/Frameworks",
				);
				MARKETING_VERSION = 1.0;
				PRODUCT_BUNDLE_IDENTIFIER = "foranewlife.task3-app";
				PRODUCT_NAME = "$(TARGET_NAME)";
				SWIFT_EMIT_LOC_STRINGS = YES;
				SWIFT_VERSION = 5.0;
				TARGETED_DEVICE_FAMILY = "1,2";
			};
			name = Release;
		};
/* End XCBuildConfiguration section */

/* Begin XCConfigurationList section */
		63915B252AA13BD600C7C3F3 /* Build configuration list for PBXProject "task3_app" */ = {
			isa = XCConfigurationList;
			buildConfigurations = (
				63915B3C2AA13BD800C7C3F3 /* Debug */,
				63915B3D2AA13BD800C7C3F3 /* Release */,
			);
			defaultConfigurationIsVisible = 0;
			defaultConfigurationName = Release;
		};
		63915B3E2AA13BD800C7C3F3 /* Build configuration list for PBXNativeTarget "task3_app" */ = {
			isa = XCConfigurationList;
			buildConfigurations = (
				63915B3F2AA13BD800C7C3F3 /* Debug */,
				63915B402AA13BD800C7C3F3 /* Release */,
			);
			defaultConfigurationIsVisible = 0;
			defaultConfigurationName = Release;
		};
/* End XCConfigurationList section */
	};
	rootObject = 63915B222AA13BD600C7C3F3 /* Project object */;
}
